
Microsoft Visual Studio Solution File, Format Version 12.00
# Visual Studio Version 17
VisualStudioVersion = 17.8.34330.188
MinimumVisualStudioVersion = 10.0.40219.1
Project("{FAE04EC0-301F-11D3-BF4B-00C04F79EFBC}") = "LoginFormAspCore6", "LoginFormAspCore6\LoginFormAspCore6.csproj", "{8604F993-C92C-49AA-9F6A-F5BD0E2CB394}"
EndProject
Global
	GlobalSection(SolutionConfigurationPlatforms) = preSolution
		Debug|Any CPU = Debug|Any CPU
		Release|Any CPU = Release|Any CPU
	EndGlobalSection
	GlobalSection(ProjectConfigurationPlatforms) = postSolution
		{8604F993-C92C-49AA-9F6A-F5BD0E2CB394}.Debug|Any CPU.ActiveCfg = Debug|Any CPU
		{8604F993-C92C-49AA-9F6A-F5BD0E2CB394}.Debug|Any CPU.Build.0 = Debug|Any CPU
		{8604F993-C92C-49AA-9F6A-F5BD0E2CB394}.Release|Any CPU.ActiveCfg = Release|Any CPU
		{8604F993-C92C-49AA-9F6A-F5BD0E2CB394}.Release|Any CPU.Build.0 = Release|Any CPU
	EndGlobalSection
	GlobalSection(SolutionProperties) = preSolution
		HideSolutionNode = FALSE
	EndGlobalSection
	GlobalSection(ExtensibilityGlobals) = postSolution
		SolutionGuid = {FDCB282B-DEEE-44BE-9AC9-9401042D0CE3}
	EndGlobalSection
EndGlobal
